
Microsoft Visual Studio Solution File, Format Version 12.00
# Visual Studio 15
VisualStudioVersion = 15.0.27428.2015
MinimumVisualStudioVersion = 10.0.40219.1
Project("{8BC9CEB8-8B4A-11D0-8D11-00A0C91BC942}") = "NewBoston Operator Overloading", "NewBoston Operator Overloading\NewBoston Operator Overloading.vcxproj", "{E122677C-CF2C-4FCE-A14A-0A051A377EB4}"
EndProject
Global
	GlobalSection(SolutionConfigurationPlatforms) = preSolution
		Debug|x64 = Debug|x64
		Debug|x86 = Debug|x86
		Release|x64 = Release|x64
		Release|x86 = Release|x86
	EndGlobalSection
	GlobalSection(ProjectConfigurationPlatforms) = postSolution
		{E122677C-CF2C-4FCE-A14A-0A051A377EB4}.Debug|x64.ActiveCfg = Debug|x64
		{E122677C-CF2C-4FCE-A14A-0A051A377EB4}.Debug|x64.Build.0 = Debug|x64
		{E122677C-CF2C-4FCE-A14A-0A051A377EB4}.Debug|x86.ActiveCfg = Debug|Win32
		{E122677C-CF2C-4FCE-A14A-0A051A377EB4}.Debug|x86.Build.0 = Debug|Win32
		{E122677C-CF2C-4FCE-A14A-0A051A377EB4}.Release|x64.ActiveCfg = Release|x64
		{E122677C-CF2C-4FCE-A14A-0A051A377EB4}.Release|x64.Build.0 = Release|x64
		{E122677C-CF2C-4FCE-A14A-0A051A377EB4}.Release|x86.ActiveCfg = Release|Win32
		{E122677C-CF2C-4FCE-A14A-0A051A377EB4}.Release|x86.Build.0 = Release|Win32
	EndGlobalSection
	GlobalSection(SolutionProperties) = preSolution
		HideSolutionNode = FALSE
	EndGlobalSection
	GlobalSection(ExtensibilityGlobals) = postSolution
		SolutionGuid = {57F89AE5-2EBA-4F1B-8D0D-9550C1A416B2}
	EndGlobalSection
EndGlobal
