
Microsoft Visual Studio Solution File, Format Version 12.00
# Visual Studio 15
VisualStudioVersion = 15.0.27428.2043
MinimumVisualStudioVersion = 10.0.40219.1
Project("{8BC9CEB8-8B4A-11D0-8D11-00A0C91BC942}") = "Fig17_4", "Fig17_4\Fig17_4.vcxproj", "{9054235A-5314-4A77-8D97-EA7C46C6E570}"
EndProject
Global
	GlobalSection(SolutionConfigurationPlatforms) = preSolution
		Debug|x64 = Debug|x64
		Debug|x86 = Debug|x86
		Release|x64 = Release|x64
		Release|x86 = Release|x86
	EndGlobalSection
	GlobalSection(ProjectConfigurationPlatforms) = postSolution
		{9054235A-5314-4A77-8D97-EA7C46C6E570}.Debug|x64.ActiveCfg = Debug|x64
		{9054235A-5314-4A77-8D97-EA7C46C6E570}.Debug|x64.Build.0 = Debug|x64
		{9054235A-5314-4A77-8D97-EA7C46C6E570}.Debug|x86.ActiveCfg = Debug|Win32
		{9054235A-5314-4A77-8D97-EA7C46C6E570}.Debug|x86.Build.0 = Debug|Win32
		{9054235A-5314-4A77-8D97-EA7C46C6E570}.Release|x64.ActiveCfg = Release|x64
		{9054235A-5314-4A77-8D97-EA7C46C6E570}.Release|x64.Build.0 = Release|x64
		{9054235A-5314-4A77-8D97-EA7C46C6E570}.Release|x86.ActiveCfg = Release|Win32
		{9054235A-5314-4A77-8D97-EA7C46C6E570}.Release|x86.Build.0 = Release|Win32
	EndGlobalSection
	GlobalSection(SolutionProperties) = preSolution
		HideSolutionNode = FALSE
	EndGlobalSection
	GlobalSection(ExtensibilityGlobals) = postSolution
		SolutionGuid = {D3901F37-4CE0-4746-A88E-277ACF594EAC}
	EndGlobalSection
EndGlobal
