
Microsoft Visual Studio Solution File, Format Version 12.00
# Visual Studio 15
VisualStudioVersion = 15.0.27428.2043
MinimumVisualStudioVersion = 10.0.40219.1
Project("{8BC9CEB8-8B4A-11D0-8D11-00A0C91BC942}") = "CarbonFootprint", "CarbonFootprint\CarbonFootprint.vcxproj", "{E6C70CD5-EA32-4A74-82BA-34AC2559FCBC}"
EndProject
Global
	GlobalSection(SolutionConfigurationPlatforms) = preSolution
		Debug|x64 = Debug|x64
		Debug|x86 = Debug|x86
		Release|x64 = Release|x64
		Release|x86 = Release|x86
	EndGlobalSection
	GlobalSection(ProjectConfigurationPlatforms) = postSolution
		{E6C70CD5-EA32-4A74-82BA-34AC2559FCBC}.Debug|x64.ActiveCfg = Debug|x64
		{E6C70CD5-EA32-4A74-82BA-34AC2559FCBC}.Debug|x64.Build.0 = Debug|x64
		{E6C70CD5-EA32-4A74-82BA-34AC2559FCBC}.Debug|x86.ActiveCfg = Debug|Win32
		{E6C70CD5-EA32-4A74-82BA-34AC2559FCBC}.Debug|x86.Build.0 = Debug|Win32
		{E6C70CD5-EA32-4A74-82BA-34AC2559FCBC}.Release|x64.ActiveCfg = Release|x64
		{E6C70CD5-EA32-4A74-82BA-34AC2559FCBC}.Release|x64.Build.0 = Release|x64
		{E6C70CD5-EA32-4A74-82BA-34AC2559FCBC}.Release|x86.ActiveCfg = Release|Win32
		{E6C70CD5-EA32-4A74-82BA-34AC2559FCBC}.Release|x86.Build.0 = Release|Win32
	EndGlobalSection
	GlobalSection(SolutionProperties) = preSolution
		HideSolutionNode = FALSE
	EndGlobalSection
	GlobalSection(ExtensibilityGlobals) = postSolution
		SolutionGuid = {E8CAB360-7907-4BB4-8549-76C10E7CDD18}
	EndGlobalSection
EndGlobal
