
Microsoft Visual Studio Solution File, Format Version 12.00
# Visual Studio 2013
VisualStudioVersion = 12.0.31101.0
MinimumVisualStudioVersion = 10.0.40219.1
Project("{8BC9CEB8-8B4A-11D0-8D11-00A0C91BC942}") = "P2_GomezLuis", "P2_GomezLuis\P2_GomezLuis.vcxproj", "{84D983AB-77CC-43FF-8CF1-05EAC1EE508F}"
EndProject
Global
	GlobalSection(SolutionConfigurationPlatforms) = preSolution
		Debug|Win32 = Debug|Win32
		Release|Win32 = Release|Win32
	EndGlobalSection
	GlobalSection(ProjectConfigurationPlatforms) = postSolution
		{84D983AB-77CC-43FF-8CF1-05EAC1EE508F}.Debug|Win32.ActiveCfg = Debug|Win32
		{84D983AB-77CC-43FF-8CF1-05EAC1EE508F}.Debug|Win32.Build.0 = Debug|Win32
		{84D983AB-77CC-43FF-8CF1-05EAC1EE508F}.Release|Win32.ActiveCfg = Release|Win32
		{84D983AB-77CC-43FF-8CF1-05EAC1EE508F}.Release|Win32.Build.0 = Release|Win32
	EndGlobalSection
	GlobalSection(SolutionProperties) = preSolution
		HideSolutionNode = FALSE
	EndGlobalSection
EndGlobal
